
Microsoft Visual Studio Solution File, Format Version 12.00
# Visual Studio Version 16
VisualStudioVersion = 16.0.31613.86
MinimumVisualStudioVersion = 10.0.40219.1
Project("{00D1A9C2-B5F0-4AF3-8072-F6C62B433612}") = "SQLDBPrac1", "SQLDBPrac1\SQLDBPrac1.sqlproj", "{E81D229E-5E5F-4C68-BDFD-F7C057E78FDF}"
EndProject
Global
	GlobalSection(SolutionConfigurationPlatforms) = preSolution
		Debug|Any CPU = Debug|Any CPU
		Release|Any CPU = Release|Any CPU
	EndGlobalSection
	GlobalSection(ProjectConfigurationPlatforms) = postSolution
		{E81D229E-5E5F-4C68-BDFD-F7C057E78FDF}.Debug|Any CPU.ActiveCfg = Debug|Any CPU
		{E81D229E-5E5F-4C68-BDFD-F7C057E78FDF}.Debug|Any CPU.Build.0 = Debug|Any CPU
		{E81D229E-5E5F-4C68-BDFD-F7C057E78FDF}.Debug|Any CPU.Deploy.0 = Debug|Any CPU
		{E81D229E-5E5F-4C68-BDFD-F7C057E78FDF}.Release|Any CPU.ActiveCfg = Release|Any CPU
		{E81D229E-5E5F-4C68-BDFD-F7C057E78FDF}.Release|Any CPU.Build.0 = Release|Any CPU
		{E81D229E-5E5F-4C68-BDFD-F7C057E78FDF}.Release|Any CPU.Deploy.0 = Release|Any CPU
	EndGlobalSection
	GlobalSection(SolutionProperties) = preSolution
		HideSolutionNode = FALSE
	EndGlobalSection
	GlobalSection(ExtensibilityGlobals) = postSolution
		SolutionGuid = {E7978970-0FBC-4B94-B0E0-78017104DFE6}
	EndGlobalSection
EndGlobal
